{
    "name": "memeassembly",
    "version": "0.2.2",
    "lockfileVersion": 2,
    "requires": true,
    "packages": {
        "": {
            "name": "memeassembly",
            "version": "0.2.2",
            "license": "SEE LICENSE IN LICENSE",
            "dependencies": {
                "@types/vscode": "^1.60.0",
                "oniguruma-ext": "^1.1.27",
                "vscode-oniguruma": "^1.5.1",
                "vscode-textmate": "^5.4.0"
            },
            "devDependencies": {
                "@types/node": "^16.7.1",
                "typescript": "^4.3.5"
            },
            "engines": {
                "vscode": "^1.59.0"
            }
        },
        "node_modules/@lieene/ts-utility": {
            "version": "1.3.14",
            "resolved": "https://registry.npmjs.org/@lieene/ts-utility/-/ts-utility-1.3.14.tgz",
            "integrity": "sha512-Rv8YkEvkmlnixz4mbQOiZpH38ppPvkIT6ZHYETqqFaeOlSZlgPndxwQopK33CRVnp8zDGBxIbJsSqLQQsJw+3Q=="
        },
        "node_modules/@types/node": {
            "version": "16.7.1",
            "resolved": "https://registry.npmjs.org/@types/node/-/node-16.7.1.tgz",
            "integrity": "sha512-ncRdc45SoYJ2H4eWU9ReDfp3vtFqDYhjOsKlFFUDEn8V1Bgr2RjYal8YT5byfadWIRluhPFU6JiDOl0H6Sl87A==",
            "dev": true
        },
        "node_modules/@types/vscode": {
            "version": "1.60.0",
            "resolved": "https://registry.npmjs.org/@types/vscode/-/vscode-1.60.0.tgz",
            "integrity": "sha512-wZt3VTmzYrgZ0l/3QmEbCq4KAJ71K3/hmMQ/nfpv84oH8e81KKwPEoQ5v8dNCxfHFVJ1JabHKmCvqdYOoVm1Ow=="
        },
        "node_modules/oniguruma-ext": {
            "version": "1.1.27",
            "resolved": "https://registry.npmjs.org/oniguruma-ext/-/oniguruma-ext-1.1.27.tgz",
            "integrity": "sha512-bQnYW+iIyTWLjLkR/qp97RbhuaxD+0gcjiyRF9j2CA2sZ8yvdc5F5K7m9/7YHckqS3jKdpEMhpOuaA0RC+4Axg==",
            "dependencies": {
                "poly-tree": "^1.4.12"
            }
        },
        "node_modules/poly-tree": {
            "version": "1.4.13",
            "resolved": "https://registry.npmjs.org/poly-tree/-/poly-tree-1.4.13.tgz",
            "integrity": "sha512-HS3F0YcICbqULKp/xZxKbAYxtrOrrMVGLDF9PfrZ40qpFVhdNn6ozznXZHacnpzVX4lYUPZrr7oyWRG9uOWWLg==",
            "dependencies": {
                "@lieene/ts-utility": "^1.3.14"
            }
        },
        "node_modules/typescript": {
            "version": "4.3.5",
            "resolved": "https://registry.npmjs.org/typescript/-/typescript-4.3.5.tgz",
            "integrity": "sha512-DqQgihaQ9cUrskJo9kIyW/+g0Vxsk8cDtZ52a3NGh0YNTfpUSArXSohyUGnvbPazEPLu398C0UxmKSOrPumUzA==",
            "dev": true,
            "bin": {
                "tsc": "bin/tsc",
                "tsserver": "bin/tsserver"
            },
            "engines": {
                "node": ">=4.2.0"
            }
        },
        "node_modules/vscode-oniguruma": {
            "version": "1.5.1",
            "resolved": "https://registry.npmjs.org/vscode-oniguruma/-/vscode-oniguruma-1.5.1.tgz",
            "integrity": "sha512-JrBZH8DCC262TEYcYdeyZusiETu0Vli0xFgdRwNJjDcObcRjbmJP+IFcA3ScBwIXwgFHYKbAgfxtM/Cl+3Spjw=="
        },
        "node_modules/vscode-textmate": {
            "version": "5.4.0",
            "resolved": "https://registry.npmjs.org/vscode-textmate/-/vscode-textmate-5.4.0.tgz",
            "integrity": "sha512-c0Q4zYZkcLizeYJ3hNyaVUM2AA8KDhNCA3JvXY8CeZSJuBdAy3bAvSbv46RClC4P3dSO9BdwhnKEx2zOo6vP/w=="
        }
    },
    "dependencies": {
        "@lieene/ts-utility": {
            "version": "1.3.14",
            "resolved": "https://registry.npmjs.org/@lieene/ts-utility/-/ts-utility-1.3.14.tgz",
            "integrity": "sha512-Rv8YkEvkmlnixz4mbQOiZpH38ppPvkIT6ZHYETqqFaeOlSZlgPndxwQopK33CRVnp8zDGBxIbJsSqLQQsJw+3Q=="
        },
        "@types/node": {
            "version": "16.7.1",
            "resolved": "https://registry.npmjs.org/@types/node/-/node-16.7.1.tgz",
            "integrity": "sha512-ncRdc45SoYJ2H4eWU9ReDfp3vtFqDYhjOsKlFFUDEn8V1Bgr2RjYal8YT5byfadWIRluhPFU6JiDOl0H6Sl87A==",
            "dev": true
        },
        "@types/vscode": {
            "version": "1.60.0",
            "resolved": "https://registry.npmjs.org/@types/vscode/-/vscode-1.60.0.tgz",
            "integrity": "sha512-wZt3VTmzYrgZ0l/3QmEbCq4KAJ71K3/hmMQ/nfpv84oH8e81KKwPEoQ5v8dNCxfHFVJ1JabHKmCvqdYOoVm1Ow=="
        },
        "oniguruma-ext": {
            "version": "1.1.27",
            "resolved": "https://registry.npmjs.org/oniguruma-ext/-/oniguruma-ext-1.1.27.tgz",
            "integrity": "sha512-bQnYW+iIyTWLjLkR/qp97RbhuaxD+0gcjiyRF9j2CA2sZ8yvdc5F5K7m9/7YHckqS3jKdpEMhpOuaA0RC+4Axg==",
            "requires": {
                "poly-tree": "^1.4.12"
            }
        },
        "poly-tree": {
            "version": "1.4.13",
            "resolved": "https://registry.npmjs.org/poly-tree/-/poly-tree-1.4.13.tgz",
            "integrity": "sha512-HS3F0YcICbqULKp/xZxKbAYxtrOrrMVGLDF9PfrZ40qpFVhdNn6ozznXZHacnpzVX4lYUPZrr7oyWRG9uOWWLg==",
            "requires": {
                "@lieene/ts-utility": "^1.3.14"
            }
        },
        "typescript": {
            "version": "4.3.5",
            "resolved": "https://registry.npmjs.org/typescript/-/typescript-4.3.5.tgz",
            "integrity": "sha512-DqQgihaQ9cUrskJo9kIyW/+g0Vxsk8cDtZ52a3NGh0YNTfpUSArXSohyUGnvbPazEPLu398C0UxmKSOrPumUzA==",
            "dev": true
        },
        "vscode-oniguruma": {
            "version": "1.5.1",
            "resolved": "https://registry.npmjs.org/vscode-oniguruma/-/vscode-oniguruma-1.5.1.tgz",
            "integrity": "sha512-JrBZH8DCC262TEYcYdeyZusiETu0Vli0xFgdRwNJjDcObcRjbmJP+IFcA3ScBwIXwgFHYKbAgfxtM/Cl+3Spjw=="
        },
        "vscode-textmate": {
            "version": "5.4.0",
            "resolved": "https://registry.npmjs.org/vscode-textmate/-/vscode-textmate-5.4.0.tgz",
            "integrity": "sha512-c0Q4zYZkcLizeYJ3hNyaVUM2AA8KDhNCA3JvXY8CeZSJuBdAy3bAvSbv46RClC4P3dSO9BdwhnKEx2zOo6vP/w=="
        }
    }
}
